// !$*UTF8*$!
{
	archiveVersion = 1;
	classes = {
	};
	objectVersion = 46;
	objects = {

/* Begin PBXBuildFile section */
		3FC486C71DBFF16B000005F3 /* AppDelegate.m in Sources */ = {isa = PBXBuildFile; fileRef = 3FC486C61DBFF16B000005F3 /* AppDelegate.m */; };
		3FC486CF1DBFF16B000005F3 /* Assets.xcassets in Resources */ = {isa = PBXBuildFile; fileRef = 3FC486CE1DBFF16B000005F3 /* Assets.xcassets */; };
		3FC486FD1DBFF4DE000005F3 /* Team.m in Sources */ = {isa = PBXBuildFile; fileRef = 3FC486FC1DBFF4DE000005F3 /* Team.m */; };
		3FC487001DBFF514000005F3 /* Game.m in Sources */ = {isa = PBXBuildFile; fileRef = 3FC486FF1DBFF514000005F3 /* Game.m */; };
		3FC487061DBFF5BE000005F3 /* APIUtil.m in Sources */ = {isa = PBXBuildFile; fileRef = 3FC487051DBFF5BE000005F3 /* APIUtil.m */; };
		3FC487091DBFF5D5000005F3 /* ColorUtil.m in Sources */ = {isa = PBXBuildFile; fileRef = 3FC487081DBFF5D5000005F3 /* ColorUtil.m */; };
		3FC487141DBFF7DB000005F3 /* Constants.m in Sources */ = {isa = PBXBuildFile; fileRef = 3FC487131DBFF7DB000005F3 /* Constants.m */; };
		3FC487181DBFF849000005F3 /* main.m in Sources */ = {isa = PBXBuildFile; fileRef = 3FC487171DBFF849000005F3 /* main.m */; };
		3FC4871C1DBFF857000005F3 /* LeagueGothic-Regular.otf in Resources */ = {isa = PBXBuildFile; fileRef = 3FC487191DBFF857000005F3 /* LeagueGothic-Regular.otf */; };
		3FC4871D1DBFF857000005F3 /* Maven Pro Bold.otf in Resources */ = {isa = PBXBuildFile; fileRef = 3FC4871A1DBFF857000005F3 /* Maven Pro Bold.otf */; };
		3FC4871E1DBFF857000005F3 /* Maven Pro Regular.otf in Resources */ = {isa = PBXBuildFile; fileRef = 3FC4871B1DBFF857000005F3 /* Maven Pro Regular.otf */; };
		3FC4872B1DC004C4000005F3 /* ScheduleTableViewCell.m in Sources */ = {isa = PBXBuildFile; fileRef = 3FC4872A1DC004C4000005F3 /* ScheduleTableViewCell.m */; };
		3FC4872F1DC00514000005F3 /* ScheduleViewController.m in Sources */ = {isa = PBXBuildFile; fileRef = 3FC4872E1DC00514000005F3 /* ScheduleViewController.m */; };
		3FC487361DC0228F000005F3 /* XMLReader.m in Sources */ = {isa = PBXBuildFile; fileRef = 3FC487351DC0228F000005F3 /* XMLReader.m */; };
		3FC487381DC067F3000005F3 /* ScheduleCell.xib in Resources */ = {isa = PBXBuildFile; fileRef = 3FC487371DC067F3000005F3 /* ScheduleCell.xib */; };
		3FC4873B1DC0728B000005F3 /* Date.m in Sources */ = {isa = PBXBuildFile; fileRef = 3FC4873A1DC0728B000005F3 /* Date.m */; };
		3FC4873E1DC07C33000005F3 /* TimeUtil.m in Sources */ = {isa = PBXBuildFile; fileRef = 3FC4873D1DC07C33000005F3 /* TimeUtil.m */; };
		AB1F4DC4D9CE38AE83DB2BE8 /* libPods-EaglesSchedule - ObjC.a in Frameworks */ = {isa = PBXBuildFile; fileRef = 4385CB00D06763CBB228FAAB /* libPods-EaglesSchedule - ObjC.a */; };
/* End PBXBuildFile section */

/* Begin PBXFileReference section */
		3FC486BF1DBFF16B000005F3 /* EaglesSchedule - ObjC.app */ = {isa = PBXFileReference; explicitFileType = wrapper.application; includeInIndex = 0; path = "EaglesSchedule - ObjC.app"; sourceTree = BUILT_PRODUCTS_DIR; };
		3FC486C51DBFF16B000005F3 /* AppDelegate.h */ = {isa = PBXFileReference; lastKnownFileType = sourcecode.c.h; path = AppDelegate.h; sourceTree = "<group>"; };
		3FC486C61DBFF16B000005F3 /* AppDelegate.m */ = {isa = PBXFileReference; lastKnownFileType = sourcecode.c.objc; path = AppDelegate.m; sourceTree = "<group>"; };
		3FC486CE1DBFF16B000005F3 /* Assets.xcassets */ = {isa = PBXFileReference; lastKnownFileType = folder.assetcatalog; path = Assets.xcassets; sourceTree = "<group>"; };
		3FC486D31DBFF16B000005F3 /* Info.plist */ = {isa = PBXFileReference; lastKnownFileType = text.plist.xml; path = Info.plist; sourceTree = "<group>"; };
		3FC486FB1DBFF4DE000005F3 /* Team.h */ = {isa = PBXFileReference; fileEncoding = 4; lastKnownFileType = sourcecode.c.h; name = Team.h; path = Models/Team.h; sourceTree = "<group>"; };
		3FC486FC1DBFF4DE000005F3 /* Team.m */ = {isa = PBXFileReference; fileEncoding = 4; lastKnownFileType = sourcecode.c.objc; name = Team.m; path = Models/Team.m; sourceTree = "<group>"; };
		3FC486FE1DBFF514000005F3 /* Game.h */ = {isa = PBXFileReference; fileEncoding = 4; lastKnownFileType = sourcecode.c.h; name = Game.h; path = Models/Game.h; sourceTree = "<group>"; };
		3FC486FF1DBFF514000005F3 /* Game.m */ = {isa = PBXFileReference; fileEncoding = 4; lastKnownFileType = sourcecode.c.objc; name = Game.m; path = Models/Game.m; sourceTree = "<group>"; };
		3FC487041DBFF5BE000005F3 /* APIUtil.h */ = {isa = PBXFileReference; fileEncoding = 4; lastKnownFileType = sourcecode.c.h; name = APIUtil.h; path = Utilities/APIUtil.h; sourceTree = "<group>"; };
		3FC487051DBFF5BE000005F3 /* APIUtil.m */ = {isa = PBXFileReference; fileEncoding = 4; lastKnownFileType = sourcecode.c.objc; name = APIUtil.m; path = Utilities/APIUtil.m; sourceTree = "<group>"; };
		3FC487071DBFF5D5000005F3 /* ColorUtil.h */ = {isa = PBXFileReference; fileEncoding = 4; lastKnownFileType = sourcecode.c.h; name = ColorUtil.h; path = Utilities/ColorUtil.h; sourceTree = "<group>"; };
		3FC487081DBFF5D5000005F3 /* ColorUtil.m */ = {isa = PBXFileReference; fileEncoding = 4; lastKnownFileType = sourcecode.c.objc; name = ColorUtil.m; path = Utilities/ColorUtil.m; sourceTree = "<group>"; };
		3FC487121DBFF7DB000005F3 /* Constants.h */ = {isa = PBXFileReference; fileEncoding = 4; lastKnownFileType = sourcecode.c.h; name = Constants.h; path = "Supporting Files/Constants.h"; sourceTree = "<group>"; };
		3FC487131DBFF7DB000005F3 /* Constants.m */ = {isa = PBXFileReference; fileEncoding = 4; lastKnownFileType = sourcecode.c.objc; name = Constants.m; path = "Supporting Files/Constants.m"; sourceTree = "<group>"; };
		3FC487171DBFF849000005F3 /* main.m */ = {isa = PBXFileReference; fileEncoding = 4; lastKnownFileType = sourcecode.c.objc; name = main.m; path = "Supporting Files/main.m"; sourceTree = "<group>"; };
		3FC487191DBFF857000005F3 /* LeagueGothic-Regular.otf */ = {isa = PBXFileReference; lastKnownFileType = file; name = "LeagueGothic-Regular.otf"; path = "Fonts/LeagueGothic-Regular.otf"; sourceTree = "<group>"; };
		3FC4871A1DBFF857000005F3 /* Maven Pro Bold.otf */ = {isa = PBXFileReference; lastKnownFileType = file; name = "Maven Pro Bold.otf"; path = "Fonts/Maven Pro Bold.otf"; sourceTree = "<group>"; };
		3FC4871B1DBFF857000005F3 /* Maven Pro Regular.otf */ = {isa = PBXFileReference; lastKnownFileType = file; name = "Maven Pro Regular.otf"; path = "Fonts/Maven Pro Regular.otf"; sourceTree = "<group>"; };
		3FC487291DC004C4000005F3 /* ScheduleTableViewCell.h */ = {isa = PBXFileReference; fileEncoding = 4; lastKnownFileType = sourcecode.c.h; name = ScheduleTableViewCell.h; path = "EaglesSchedule - ObjC/Cells/ScheduleTableViewCell.h"; sourceTree = "<group>"; };
		3FC4872A1DC004C4000005F3 /* ScheduleTableViewCell.m */ = {isa = PBXFileReference; fileEncoding = 4; lastKnownFileType = sourcecode.c.objc; name = ScheduleTableViewCell.m; path = "EaglesSchedule - ObjC/Cells/ScheduleTableViewCell.m"; sourceTree = "<group>"; };
		3FC4872D1DC00514000005F3 /* ScheduleViewController.h */ = {isa = PBXFileReference; fileEncoding = 4; lastKnownFileType = sourcecode.c.h; name = ScheduleViewController.h; path = "Data Controllers/ScheduleViewController.h"; sourceTree = "<group>"; };
		3FC4872E1DC00514000005F3 /* ScheduleViewController.m */ = {isa = PBXFileReference; fileEncoding = 4; lastKnownFileType = sourcecode.c.objc; name = ScheduleViewController.m; path = "Data Controllers/ScheduleViewController.m"; sourceTree = "<group>"; };
		3FC487341DC0228F000005F3 /* XMLReader.h */ = {isa = PBXFileReference; fileEncoding = 4; lastKnownFileType = sourcecode.c.h; name = XMLReader.h; path = Helpers/XMLReader.h; sourceTree = "<group>"; };
		3FC487351DC0228F000005F3 /* XMLReader.m */ = {isa = PBXFileReference; fileEncoding = 4; lastKnownFileType = sourcecode.c.objc; name = XMLReader.m; path = Helpers/XMLReader.m; sourceTree = "<group>"; };
		3FC487371DC067F3000005F3 /* ScheduleCell.xib */ = {isa = PBXFileReference; fileEncoding = 4; lastKnownFileType = file.xib; name = ScheduleCell.xib; path = "EaglesSchedule - ObjC/Cells/ScheduleCell.xib"; sourceTree = "<group>"; };
		3FC487391DC0728B000005F3 /* Date.h */ = {isa = PBXFileReference; fileEncoding = 4; lastKnownFileType = sourcecode.c.h; name = Date.h; path = Models/Date.h; sourceTree = "<group>"; };
		3FC4873A1DC0728B000005F3 /* Date.m */ = {isa = PBXFileReference; fileEncoding = 4; lastKnownFileType = sourcecode.c.objc; name = Date.m; path = Models/Date.m; sourceTree = "<group>"; };
		3FC4873C1DC07C33000005F3 /* TimeUtil.h */ = {isa = PBXFileReference; fileEncoding = 4; lastKnownFileType = sourcecode.c.h; name = TimeUtil.h; path = Utilities/TimeUtil.h; sourceTree = "<group>"; };
		3FC4873D1DC07C33000005F3 /* TimeUtil.m */ = {isa = PBXFileReference; fileEncoding = 4; lastKnownFileType = sourcecode.c.objc; name = TimeUtil.m; path = Utilities/TimeUtil.m; sourceTree = "<group>"; };
		4385CB00D06763CBB228FAAB /* libPods-EaglesSchedule - ObjC.a */ = {isa = PBXFileReference; explicitFileType = archive.ar; includeInIndex = 0; path = "libPods-EaglesSchedule - ObjC.a"; sourceTree = BUILT_PRODUCTS_DIR; };
		74612C4870068AF6A4BBA67A /* Pods-EaglesSchedule - ObjC.debug.xcconfig */ = {isa = PBXFileReference; includeInIndex = 1; lastKnownFileType = text.xcconfig; name = "Pods-EaglesSchedule - ObjC.debug.xcconfig"; path = "Pods/Target Support Files/Pods-EaglesSchedule - ObjC/Pods-EaglesSchedule - ObjC.debug.xcconfig"; sourceTree = "<group>"; };
		BDB69CFAB74B9E8EE7F6D390 /* Pods-EaglesSchedule - ObjC.release.xcconfig */ = {isa = PBXFileReference; includeInIndex = 1; lastKnownFileType = text.xcconfig; name = "Pods-EaglesSchedule - ObjC.release.xcconfig"; path = "Pods/Target Support Files/Pods-EaglesSchedule - ObjC/Pods-EaglesSchedule - ObjC.release.xcconfig"; sourceTree = "<group>"; };
/* End PBXFileReference section */

/* Begin PBXFrameworksBuildPhase section */
		3FC486BC1DBFF16B000005F3 /* Frameworks */ = {
			isa = PBXFrameworksBuildPhase;
			buildActionMask = 2147483647;
			files = (
				AB1F4DC4D9CE38AE83DB2BE8 /* libPods-EaglesSchedule - ObjC.a in Frameworks */,
			);
			runOnlyForDeploymentPostprocessing = 0;
		};
/* End PBXFrameworksBuildPhase section */

/* Begin PBXGroup section */
		3FC486B61DBFF16B000005F3 = {
			isa = PBXGroup;
			children = (
				3FC486C11DBFF16B000005F3 /* EaglesSchedule - ObjC */,
				3FC486C01DBFF16B000005F3 /* Products */,
				D3B6E73B3922E484FEC0EBF7 /* Pods */,
				D3A303643140477A67446D85 /* Frameworks */,
			);
			sourceTree = "<group>";
		};
		3FC486C01DBFF16B000005F3 /* Products */ = {
			isa = PBXGroup;
			children = (
				3FC486BF1DBFF16B000005F3 /* EaglesSchedule - ObjC.app */,
			);
			name = Products;
			sourceTree = "<group>";
		};
		3FC486C11DBFF16B000005F3 /* EaglesSchedule - ObjC */ = {
			isa = PBXGroup;
			children = (
				3FC486C51DBFF16B000005F3 /* AppDelegate.h */,
				3FC486C61DBFF16B000005F3 /* AppDelegate.m */,
				3FC486F71DBFF429000005F3 /* Models */,
				3FC487281DC00481000005F3 /* Cells */,
				3FC4872C1DC004D6000005F3 /* Data Controllers */,
				3FC486FA1DBFF441000005F3 /* Utilities */,
				3FC4870B1DBFF654000005F3 /* Fonts */,
				3FC487301DC0223C000005F3 /* Helpers */,
				3FC486CE1DBFF16B000005F3 /* Assets.xcassets */,
				3FC486D31DBFF16B000005F3 /* Info.plist */,
				3FC486C21DBFF16B000005F3 /* Supporting Files */,
			);
			path = "EaglesSchedule - ObjC";
			sourceTree = "<group>";
		};
		3FC486C21DBFF16B000005F3 /* Supporting Files */ = {
			isa = PBXGroup;
			children = (
				3FC487171DBFF849000005F3 /* main.m */,
				3FC487121DBFF7DB000005F3 /* Constants.h */,
				3FC487131DBFF7DB000005F3 /* Constants.m */,
			);
			name = "Supporting Files";
			sourceTree = "<group>";
		};
		3FC486F71DBFF429000005F3 /* Models */ = {
			isa = PBXGroup;
			children = (
				3FC486FB1DBFF4DE000005F3 /* Team.h */,
				3FC486FC1DBFF4DE000005F3 /* Team.m */,
				3FC486FE1DBFF514000005F3 /* Game.h */,
				3FC486FF1DBFF514000005F3 /* Game.m */,
				3FC487391DC0728B000005F3 /* Date.h */,
				3FC4873A1DC0728B000005F3 /* Date.m */,
			);
			name = Models;
			sourceTree = "<group>";
		};
		3FC486FA1DBFF441000005F3 /* Utilities */ = {
			isa = PBXGroup;
			children = (
				3FC487041DBFF5BE000005F3 /* APIUtil.h */,
				3FC487051DBFF5BE000005F3 /* APIUtil.m */,
				3FC487071DBFF5D5000005F3 /* ColorUtil.h */,
				3FC487081DBFF5D5000005F3 /* ColorUtil.m */,
				3FC4873C1DC07C33000005F3 /* TimeUtil.h */,
				3FC4873D1DC07C33000005F3 /* TimeUtil.m */,
			);
			name = Utilities;
			sourceTree = "<group>";
		};
		3FC4870B1DBFF654000005F3 /* Fonts */ = {
			isa = PBXGroup;
			children = (
				3FC487191DBFF857000005F3 /* LeagueGothic-Regular.otf */,
				3FC4871A1DBFF857000005F3 /* Maven Pro Bold.otf */,
				3FC4871B1DBFF857000005F3 /* Maven Pro Regular.otf */,
			);
			name = Fonts;
			sourceTree = "<group>";
		};
		3FC487281DC00481000005F3 /* Cells */ = {
			isa = PBXGroup;
			children = (
				3FC487371DC067F3000005F3 /* ScheduleCell.xib */,
				3FC487291DC004C4000005F3 /* ScheduleTableViewCell.h */,
				3FC4872A1DC004C4000005F3 /* ScheduleTableViewCell.m */,
			);
			name = Cells;
			path = ..;
			sourceTree = "<group>";
		};
		3FC4872C1DC004D6000005F3 /* Data Controllers */ = {
			isa = PBXGroup;
			children = (
				3FC4872D1DC00514000005F3 /* ScheduleViewController.h */,
				3FC4872E1DC00514000005F3 /* ScheduleViewController.m */,
			);
			name = "Data Controllers";
			sourceTree = "<group>";
		};
		3FC487301DC0223C000005F3 /* Helpers */ = {
			isa = PBXGroup;
			children = (
				3FC487341DC0228F000005F3 /* XMLReader.h */,
				3FC487351DC0228F000005F3 /* XMLReader.m */,
			);
			name = Helpers;
			sourceTree = "<group>";
		};
		D3A303643140477A67446D85 /* Frameworks */ = {
			isa = PBXGroup;
			children = (
				4385CB00D06763CBB228FAAB /* libPods-EaglesSchedule - ObjC.a */,
			);
			name = Frameworks;
			sourceTree = "<group>";
		};
		D3B6E73B3922E484FEC0EBF7 /* Pods */ = {
			isa = PBXGroup;
			children = (
				74612C4870068AF6A4BBA67A /* Pods-EaglesSchedule - ObjC.debug.xcconfig */,
				BDB69CFAB74B9E8EE7F6D390 /* Pods-EaglesSchedule - ObjC.release.xcconfig */,
			);
			name = Pods;
			sourceTree = "<group>";
		};
/* End PBXGroup section */

/* Begin PBXNativeTarget section */
		3FC486BE1DBFF16B000005F3 /* EaglesSchedule - ObjC */ = {
			isa = PBXNativeTarget;
			buildConfigurationList = 3FC486D61DBFF16B000005F3 /* Build configuration list for PBXNativeTarget "EaglesSchedule - ObjC" */;
			buildPhases = (
				6066B849309FDD1A969B5884 /* Check Pods Manifest.lock */,
				3FC486BB1DBFF16B000005F3 /* Sources */,
				3FC486BC1DBFF16B000005F3 /* Frameworks */,
				3FC486BD1DBFF16B000005F3 /* Resources */,
				AAF29554F122962088A210F2 /* Embed Pods Frameworks */,
				223E6CED804B4FE387A2A1BD /* Copy Pods Resources */,
				3FC4873F1DC18CAC000005F3 /* Fabric Run Script */,
			);
			buildRules = (
			);
			dependencies = (
			);
			name = "EaglesSchedule - ObjC";
			productName = "EaglesSchedule - ObjC";
			productReference = 3FC486BF1DBFF16B000005F3 /* EaglesSchedule - ObjC.app */;
			productType = "com.apple.product-type.application";
		};
/* End PBXNativeTarget section */

/* Begin PBXProject section */
		3FC486B71DBFF16B000005F3 /* Project object */ = {
			isa = PBXProject;
			attributes = {
				LastUpgradeCheck = 0800;
				ORGANIZATIONNAME = "Mike Stuck";
				TargetAttributes = {
					3FC486BE1DBFF16B000005F3 = {
						CreatedOnToolsVersion = 8.0;
						DevelopmentTeam = 4X4RG77KE5;
						ProvisioningStyle = Automatic;
					};
				};
			};
			buildConfigurationList = 3FC486BA1DBFF16B000005F3 /* Build configuration list for PBXProject "EaglesSchedule - ObjC" */;
			compatibilityVersion = "Xcode 3.2";
			developmentRegion = English;
			hasScannedForEncodings = 0;
			knownRegions = (
				en,
				Base,
			);
			mainGroup = 3FC486B61DBFF16B000005F3;
			productRefGroup = 3FC486C01DBFF16B000005F3 /* Products */;
			projectDirPath = "";
			projectRoot = "";
			targets = (
				3FC486BE1DBFF16B000005F3 /* EaglesSchedule - ObjC */,
			);
		};
/* End PBXProject section */

/* Begin PBXResourcesBuildPhase section */
		3FC486BD1DBFF16B000005F3 /* Resources */ = {
			isa = PBXResourcesBuildPhase;
			buildActionMask = 2147483647;
			files = (
				3FC486CF1DBFF16B000005F3 /* Assets.xcassets in Resources */,
				3FC4871D1DBFF857000005F3 /* Maven Pro Bold.otf in Resources */,
				3FC4871E1DBFF857000005F3 /* Maven Pro Regular.otf in Resources */,
				3FC4871C1DBFF857000005F3 /* LeagueGothic-Regular.otf in Resources */,
				3FC487381DC067F3000005F3 /* ScheduleCell.xib in Resources */,
			);
			runOnlyForDeploymentPostprocessing = 0;
		};
/* End PBXResourcesBuildPhase section */

/* Begin PBXShellScriptBuildPhase section */
		223E6CED804B4FE387A2A1BD /* Copy Pods Resources */ = {
			isa = PBXShellScriptBuildPhase;
			buildActionMask = 2147483647;
			files = (
			);
			inputPaths = (
			);
			name = "Copy Pods Resources";
			outputPaths = (
			);
			runOnlyForDeploymentPostprocessing = 0;
			shellPath = /bin/sh;
			shellScript = "\"${SRCROOT}/Pods/Target Support Files/Pods-EaglesSchedule - ObjC/Pods-EaglesSchedule - ObjC-resources.sh\"\n";
			showEnvVarsInLog = 0;
		};
		3FC4873F1DC18CAC000005F3 /* Fabric Run Script */ = {
			isa = PBXShellScriptBuildPhase;
			buildActionMask = 2147483647;
			files = (
			);
			inputPaths = (
			);
			name = "Fabric Run Script";
			outputPaths = (
			);
			runOnlyForDeploymentPostprocessing = 0;
			shellPath = /bin/sh;
			shellScript = "\"${PODS_ROOT}/Fabric/run\" 89b04812bf0a3763565b42840f3ac7c786372879 8f5889fe0dbc7c343a00a774337b7de91211f8e6370915e5738e3c54f3d20df1";
		};
		6066B849309FDD1A969B5884 /* Check Pods Manifest.lock */ = {
			isa = PBXShellScriptBuildPhase;
			buildActionMask = 2147483647;
			files = (
			);
			inputPaths = (
			);
			name = "Check Pods Manifest.lock";
			outputPaths = (
			);
			runOnlyForDeploymentPostprocessing = 0;
			shellPath = /bin/sh;
			shellScript = "diff \"${PODS_ROOT}/../Podfile.lock\" \"${PODS_ROOT}/Manifest.lock\" > /dev/null\nif [[ $? != 0 ]] ; then\n    cat << EOM\nerror: The sandbox is not in sync with the Podfile.lock. Run 'pod install' or update your CocoaPods installation.\nEOM\n    exit 1\nfi\n";
			showEnvVarsInLog = 0;
		};
		AAF29554F122962088A210F2 /* Embed Pods Frameworks */ = {
			isa = PBXShellScriptBuildPhase;
			buildActionMask = 2147483647;
			files = (
			);
			inputPaths = (
			);
			name = "Embed Pods Frameworks";
			outputPaths = (
			);
			runOnlyForDeploymentPostprocessing = 0;
			shellPath = /bin/sh;
			shellScript = "\"${SRCROOT}/Pods/Target Support Files/Pods-EaglesSchedule - ObjC/Pods-EaglesSchedule - ObjC-frameworks.sh\"\n";
			showEnvVarsInLog = 0;
		};
/* End PBXShellScriptBuildPhase section */

/* Begin PBXSourcesBuildPhase section */
		3FC486BB1DBFF16B000005F3 /* Sources */ = {
			isa = PBXSourcesBuildPhase;
			buildActionMask = 2147483647;
			files = (
				3FC486C71DBFF16B000005F3 /* AppDelegate.m in Sources */,
				3FC486FD1DBFF4DE000005F3 /* Team.m in Sources */,
				3FC4873E1DC07C33000005F3 /* TimeUtil.m in Sources */,
				3FC487361DC0228F000005F3 /* XMLReader.m in Sources */,
				3FC4872B1DC004C4000005F3 /* ScheduleTableViewCell.m in Sources */,
				3FC487061DBFF5BE000005F3 /* APIUtil.m in Sources */,
				3FC487001DBFF514000005F3 /* Game.m in Sources */,
				3FC487141DBFF7DB000005F3 /* Constants.m in Sources */,
				3FC4873B1DC0728B000005F3 /* Date.m in Sources */,
				3FC487181DBFF849000005F3 /* main.m in Sources */,
				3FC4872F1DC00514000005F3 /* ScheduleViewController.m in Sources */,
				3FC487091DBFF5D5000005F3 /* ColorUtil.m in Sources */,
			);
			runOnlyForDeploymentPostprocessing = 0;
		};
/* End PBXSourcesBuildPhase section */

/* Begin XCBuildConfiguration section */
		3FC486D41DBFF16B000005F3 /* Debug */ = {
			isa = XCBuildConfiguration;
			buildSettings = {
				ALWAYS_SEARCH_USER_PATHS = NO;
				CLANG_ANALYZER_NONNULL = YES;
				CLANG_CXX_LANGUAGE_STANDARD = "gnu++0x";
				CLANG_CXX_LIBRARY = "libc++";
				CLANG_ENABLE_MODULES = YES;
				CLANG_ENABLE_OBJC_ARC = YES;
				CLANG_WARN_BOOL_CONVERSION = YES;
				CLANG_WARN_CONSTANT_CONVERSION = YES;
				CLANG_WARN_DIRECT_OBJC_ISA_USAGE = YES_ERROR;
				CLANG_WARN_DOCUMENTATION_COMMENTS = YES;
				CLANG_WARN_EMPTY_BODY = YES;
				CLANG_WARN_ENUM_CONVERSION = YES;
				CLANG_WARN_INFINITE_RECURSION = YES;
				CLANG_WARN_INT_CONVERSION = YES;
				CLANG_WARN_OBJC_ROOT_CLASS = YES_ERROR;
				CLANG_WARN_SUSPICIOUS_MOVES = YES;
				CLANG_WARN_UNREACHABLE_CODE = YES;
				CLANG_WARN__DUPLICATE_METHOD_MATCH = YES;
				"CODE_SIGN_IDENTITY[sdk=iphoneos*]" = "iPhone Developer";
				COPY_PHASE_STRIP = NO;
				DEBUG_INFORMATION_FORMAT = dwarf;
				ENABLE_STRICT_OBJC_MSGSEND = YES;
				ENABLE_TESTABILITY = YES;
				GCC_C_LANGUAGE_STANDARD = gnu99;
				GCC_DYNAMIC_NO_PIC = NO;
				GCC_NO_COMMON_BLOCKS = YES;
				GCC_OPTIMIZATION_LEVEL = 0;
				GCC_PREPROCESSOR_DEFINITIONS = (
					"DEBUG=1",
					"$(inherited)",
				);
				GCC_WARN_64_TO_32_BIT_CONVERSION = YES;
				GCC_WARN_ABOUT_RETURN_TYPE = YES_ERROR;
				GCC_WARN_UNDECLARED_SELECTOR = YES;
				GCC_WARN_UNINITIALIZED_AUTOS = YES_AGGRESSIVE;
				GCC_WARN_UNUSED_FUNCTION = YES;
				GCC_WARN_UNUSED_VARIABLE = YES;
				IPHONEOS_DEPLOYMENT_TARGET = 10.0;
				MTL_ENABLE_DEBUG_INFO = YES;
				ONLY_ACTIVE_ARCH = YES;
				SDKROOT = iphoneos;
				TARGETED_DEVICE_FAMILY = "1,2";
			};
			name = Debug;
		};
		3FC486D51DBFF16B000005F3 /* Release */ = {
			isa = XCBuildConfiguration;
			buildSettings = {
				ALWAYS_SEARCH_USER_PATHS = NO;
				CLANG_ANALYZER_NONNULL = YES;
				CLANG_CXX_LANGUAGE_STANDARD = "gnu++0x";
				CLANG_CXX_LIBRARY = "libc++";
				CLANG_ENABLE_MODULES = YES;
				CLANG_ENABLE_OBJC_ARC = YES;
				CLANG_WARN_BOOL_CONVERSION = YES;
				CLANG_WARN_CONSTANT_CONVERSION = YES;
				CLANG_WARN_DIRECT_OBJC_ISA_USAGE = YES_ERROR;
				CLANG_WARN_DOCUMENTATION_COMMENTS = YES;
				CLANG_WARN_EMPTY_BODY = YES;
				CLANG_WARN_ENUM_CONVERSION = YES;
				CLANG_WARN_INFINITE_RECURSION = YES;
				CLANG_WARN_INT_CONVERSION = YES;
				CLANG_WARN_OBJC_ROOT_CLASS = YES_ERROR;
				CLANG_WARN_SUSPICIOUS_MOVES = YES;
				CLANG_WARN_UNREACHABLE_CODE = YES;
				CLANG_WARN__DUPLICATE_METHOD_MATCH = YES;
				"CODE_SIGN_IDENTITY[sdk=iphoneos*]" = "iPhone Developer";
				COPY_PHASE_STRIP = NO;
				DEBUG_INFORMATION_FORMAT = "dwarf-with-dsym";
				ENABLE_NS_ASSERTIONS = NO;
				ENABLE_STRICT_OBJC_MSGSEND = YES;
				GCC_C_LANGUAGE_STANDARD = gnu99;
				GCC_NO_COMMON_BLOCKS = YES;
				GCC_WARN_64_TO_32_BIT_CONVERSION = YES;
				GCC_WARN_ABOUT_RETURN_TYPE = YES_ERROR;
				GCC_WARN_UNDECLARED_SELECTOR = YES;
				GCC_WARN_UNINITIALIZED_AUTOS = YES_AGGRESSIVE;
				GCC_WARN_UNUSED_FUNCTION = YES;
				GCC_WARN_UNUSED_VARIABLE = YES;
				IPHONEOS_DEPLOYMENT_TARGET = 10.0;
				MTL_ENABLE_DEBUG_INFO = NO;
				SDKROOT = iphoneos;
				TARGETED_DEVICE_FAMILY = "1,2";
				VALIDATE_PRODUCT = YES;
			};
			name = Release;
		};
		3FC486D71DBFF16B000005F3 /* Debug */ = {
			isa = XCBuildConfiguration;
			baseConfigurationReference = 74612C4870068AF6A4BBA67A /* Pods-EaglesSchedule - ObjC.debug.xcconfig */;
			buildSettings = {
				ASSETCATALOG_COMPILER_APPICON_NAME = AppIcon;
				ASSETCATALOG_COMPILER_LAUNCHIMAGE_NAME = LaunchImage;
				DEVELOPMENT_TEAM = 4X4RG77KE5;
				INFOPLIST_FILE = "EaglesSchedule - ObjC/Info.plist";
				LD_RUNPATH_SEARCH_PATHS = "$(inherited) @executable_path/Frameworks";
				PRODUCT_BUNDLE_IDENTIFIER = "Mike-Stuck.EaglesSchedule---ObjC";
				PRODUCT_NAME = "$(TARGET_NAME)";
			};
			name = Debug;
		};
		3FC486D81DBFF16B000005F3 /* Release */ = {
			isa = XCBuildConfiguration;
			baseConfigurationReference = BDB69CFAB74B9E8EE7F6D390 /* Pods-EaglesSchedule - ObjC.release.xcconfig */;
			buildSettings = {
				ASSETCATALOG_COMPILER_APPICON_NAME = AppIcon;
				ASSETCATALOG_COMPILER_LAUNCHIMAGE_NAME = LaunchImage;
				DEVELOPMENT_TEAM = 4X4RG77KE5;
				INFOPLIST_FILE = "EaglesSchedule - ObjC/Info.plist";
				LD_RUNPATH_SEARCH_PATHS = "$(inherited) @executable_path/Frameworks";
				PRODUCT_BUNDLE_IDENTIFIER = "Mike-Stuck.EaglesSchedule---ObjC";
				PRODUCT_NAME = "$(TARGET_NAME)";
			};
			name = Release;
		};
/* End XCBuildConfiguration section */

/* Begin XCConfigurationList section */
		3FC486BA1DBFF16B000005F3 /* Build configuration list for PBXProject "EaglesSchedule - ObjC" */ = {
			isa = XCConfigurationList;
			buildConfigurations = (
				3FC486D41DBFF16B000005F3 /* Debug */,
				3FC486D51DBFF16B000005F3 /* Release */,
			);
			defaultConfigurationIsVisible = 0;
			defaultConfigurationName = Release;
		};
		3FC486D61DBFF16B000005F3 /* Build configuration list for PBXNativeTarget "EaglesSchedule - ObjC" */ = {
			isa = XCConfigurationList;
			buildConfigurations = (
				3FC486D71DBFF16B000005F3 /* Debug */,
				3FC486D81DBFF16B000005F3 /* Release */,
			);
			defaultConfigurationIsVisible = 0;
			defaultConfigurationName = Release;
		};
/* End XCConfigurationList section */
	};
	rootObject = 3FC486B71DBFF16B000005F3 /* Project object */;
}
